// !$*UTF8*$!
{
	archiveVersion = 1;
	classes = {
	};
	objectVersion = 56;
	objects = {

/* Begin PBXBuildFile section */
		B35FDDC82A3230B9005AED50 /* FirebaseAuth in Frameworks */ = {isa = PBXBuildFile; productRef = B35FDDC72A3230B9005AED50 /* FirebaseAuth */; };
		B35FDDCA2A3230B9005AED50 /* FirebaseStorage in Frameworks */ = {isa = PBXBuildFile; productRef = B35FDDC92A3230B9005AED50 /* FirebaseStorage */; };
		B35FDDCC2A32322C005AED50 /* GoogleService-Info.plist in Resources */ = {isa = PBXBuildFile; fileRef = B35FDDCB2A32322C005AED50 /* GoogleService-Info.plist */; };
		B35FDDCE2A32B889005AED50 /* ImagePicker.swift in Sources */ = {isa = PBXBuildFile; fileRef = B35FDDCD2A32B889005AED50 /* ImagePicker.swift */; };
		B363E56C2A30CDFC001FC796 /* ChatMessengerApp.swift in Sources */ = {isa = PBXBuildFile; fileRef = B363E56B2A30CDFC001FC796 /* ChatMessengerApp.swift */; };
		B363E56E2A30CDFC001FC796 /* LoginView.swift in Sources */ = {isa = PBXBuildFile; fileRef = B363E56D2A30CDFC001FC796 /* LoginView.swift */; };
		B363E5702A30CE00001FC796 /* Assets.xcassets in Resources */ = {isa = PBXBuildFile; fileRef = B363E56F2A30CE00001FC796 /* Assets.xcassets */; };
		B363E5732A30CE00001FC796 /* Preview Assets.xcassets in Resources */ = {isa = PBXBuildFile; fileRef = B363E5722A30CE00001FC796 /* Preview Assets.xcassets */; };
/* End PBXBuildFile section */

/* Begin PBXFileReference section */
		B35FDDCB2A32322C005AED50 /* GoogleService-Info.plist */ = {isa = PBXFileReference; fileEncoding = 4; lastKnownFileType = text.plist.xml; name = "GoogleService-Info.plist"; path = "../../Downloads/GoogleService-Info.plist"; sourceTree = "<group>"; };
		B35FDDCD2A32B889005AED50 /* ImagePicker.swift */ = {isa = PBXFileReference; lastKnownFileType = sourcecode.swift; path = ImagePicker.swift; sourceTree = "<group>"; };
		B363E5682A30CDFC001FC796 /* ChatMessenger.app */ = {isa = PBXFileReference; explicitFileType = wrapper.application; includeInIndex = 0; path = ChatMessenger.app; sourceTree = BUILT_PRODUCTS_DIR; };
		B363E56B2A30CDFC001FC796 /* ChatMessengerApp.swift */ = {isa = PBXFileReference; lastKnownFileType = sourcecode.swift; path = ChatMessengerApp.swift; sourceTree = "<group>"; };
		B363E56D2A30CDFC001FC796 /* LoginView.swift */ = {isa = PBXFileReference; lastKnownFileType = sourcecode.swift; path = LoginView.swift; sourceTree = "<group>"; };
		B363E56F2A30CE00001FC796 /* Assets.xcassets */ = {isa = PBXFileReference; lastKnownFileType = folder.assetcatalog; path = Assets.xcassets; sourceTree = "<group>"; };
		B363E5722A30CE00001FC796 /* Preview Assets.xcassets */ = {isa = PBXFileReference; lastKnownFileType = folder.assetcatalog; path = "Preview Assets.xcassets"; sourceTree = "<group>"; };
/* End PBXFileReference section */

/* Begin PBXFrameworksBuildPhase section */
		B363E5652A30CDFC001FC796 /* Frameworks */ = {
			isa = PBXFrameworksBuildPhase;
			buildActionMask = 2147483647;
			files = (
				B35FDDC82A3230B9005AED50 /* FirebaseAuth in Frameworks */,
				B35FDDCA2A3230B9005AED50 /* FirebaseStorage in Frameworks */,
			);
			runOnlyForDeploymentPostprocessing = 0;
		};
/* End PBXFrameworksBuildPhase section */

/* Begin PBXGroup section */
		B363E55F2A30CDFC001FC796 = {
			isa = PBXGroup;
			children = (
				B363E56A2A30CDFC001FC796 /* ChatMessenger */,
				B363E5692A30CDFC001FC796 /* Products */,
			);
			sourceTree = "<group>";
		};
		B363E5692A30CDFC001FC796 /* Products */ = {
			isa = PBXGroup;
			children = (
				B363E5682A30CDFC001FC796 /* ChatMessenger.app */,
			);
			name = Products;
			sourceTree = "<group>";
		};
		B363E56A2A30CDFC001FC796 /* ChatMessenger */ = {
			isa = PBXGroup;
			children = (
				B363E56B2A30CDFC001FC796 /* ChatMessengerApp.swift */,
				B363E56D2A30CDFC001FC796 /* LoginView.swift */,
				B35FDDCB2A32322C005AED50 /* GoogleService-Info.plist */,
				B363E56F2A30CE00001FC796 /* Assets.xcassets */,
				B363E5712A30CE00001FC796 /* Preview Content */,
				B35FDDCD2A32B889005AED50 /* ImagePicker.swift */,
			);
			path = ChatMessenger;
			sourceTree = "<group>";
		};
		B363E5712A30CE00001FC796 /* Preview Content */ = {
			isa = PBXGroup;
			children = (
				B363E5722A30CE00001FC796 /* Preview Assets.xcassets */,
			);
			path = "Preview Content";
			sourceTree = "<group>";
		};
/* End PBXGroup section */

/* Begin PBXNativeTarget section */
		B363E5672A30CDFC001FC796 /* ChatMessenger */ = {
			isa = PBXNativeTarget;
			buildConfigurationList = B363E5762A30CE00001FC796 /* Build configuration list for PBXNativeTarget "ChatMessenger" */;
			buildPhases = (
				B363E5642A30CDFC001FC796 /* Sources */,
				B363E5652A30CDFC001FC796 /* Frameworks */,
				B363E5662A30CDFC001FC796 /* Resources */,
			);
			buildRules = (
			);
			dependencies = (
			);
			name = ChatMessenger;
			packageProductDependencies = (
				B35FDDC72A3230B9005AED50 /* FirebaseAuth */,
				B35FDDC92A3230B9005AED50 /* FirebaseStorage */,
			);
			productName = ChatMessenger;
			productReference = B363E5682A30CDFC001FC796 /* ChatMessenger.app */;
			productType = "com.apple.product-type.application";
		};
/* End PBXNativeTarget section */

/* Begin PBXProject section */
		B363E5602A30CDFC001FC796 /* Project object */ = {
			isa = PBXProject;
			attributes = {
				BuildIndependentTargetsInParallel = 1;
				LastSwiftUpdateCheck = 1430;
				LastUpgradeCheck = 1430;
				TargetAttributes = {
					B363E5672A30CDFC001FC796 = {
						CreatedOnToolsVersion = 14.3;
					};
				};
			};
			buildConfigurationList = B363E5632A30CDFC001FC796 /* Build configuration list for PBXProject "ChatMessenger" */;
			compatibilityVersion = "Xcode 14.0";
			developmentRegion = en;
			hasScannedForEncodings = 0;
			knownRegions = (
				en,
				Base,
			);
			mainGroup = B363E55F2A30CDFC001FC796;
			packageReferences = (
				B35FDDC62A3230B9005AED50 /* XCRemoteSwiftPackageReference "firebase-ios-sdk" */,
			);
			productRefGroup = B363E5692A30CDFC001FC796 /* Products */;
			projectDirPath = "";
			projectRoot = "";
			targets = (
				B363E5672A30CDFC001FC796 /* ChatMessenger */,
			);
		};
/* End PBXProject section */

/* Begin PBXResourcesBuildPhase section */
		B363E5662A30CDFC001FC796 /* Resources */ = {
			isa = PBXResourcesBuildPhase;
			buildActionMask = 2147483647;
			files = (
				B363E5732A30CE00001FC796 /* Preview Assets.xcassets in Resources */,
				B363E5702A30CE00001FC796 /* Assets.xcassets in Resources */,
				B35FDDCC2A32322C005AED50 /* GoogleService-Info.plist in Resources */,
			);
			runOnlyForDeploymentPostprocessing = 0;
		};
/* End PBXResourcesBuildPhase section */

/* Begin PBXSourcesBuildPhase section */
		B363E5642A30CDFC001FC796 /* Sources */ = {
			isa = PBXSourcesBuildPhase;
			buildActionMask = 2147483647;
			files = (
				B35FDDCE2A32B889005AED50 /* ImagePicker.swift in Sources */,
				B363E56E2A30CDFC001FC796 /* LoginView.swift in Sources */,
				B363E56C2A30CDFC001FC796 /* ChatMessengerApp.swift in Sources */,
			);
			runOnlyForDeploymentPostprocessing = 0;
		};
/* End PBXSourcesBuildPhase section */

/* Begin XCBuildConfiguration section */
		B363E5742A30CE00001FC796 /* Debug */ = {
			isa = XCBuildConfiguration;
			buildSettings = {
				ALWAYS_SEARCH_USER_PATHS = NO;
				CLANG_ANALYZER_NONNULL = YES;
				CLANG_ANALYZER_NUMBER_OBJECT_CONVERSION = YES_AGGRESSIVE;
				CLANG_CXX_LANGUAGE_STANDARD = "gnu++20";
				CLANG_ENABLE_MODULES = YES;
				CLANG_ENABLE_OBJC_ARC = YES;
				CLANG_ENABLE_OBJC_WEAK = YES;
				CLANG_WARN_BLOCK_CAPTURE_AUTORELEASING = YES;
				CLANG_WARN_BOOL_CONVERSION = YES;
				CLANG_WARN_COMMA = YES;
				CLANG_WARN_CONSTANT_CONVERSION = YES;
				CLANG_WARN_DEPRECATED_OBJC_IMPLEMENTATIONS = YES;
				CLANG_WARN_DIRECT_OBJC_ISA_USAGE = YES_ERROR;
				CLANG_WARN_DOCUMENTATION_COMMENTS = YES;
				CLANG_WARN_EMPTY_BODY = YES;
				CLANG_WARN_ENUM_CONVERSION = YES;
				CLANG_WARN_INFINITE_RECURSION = YES;
				CLANG_WARN_INT_CONVERSION = YES;
				CLANG_WARN_NON_LITERAL_NULL_CONVERSION = YES;
				CLANG_WARN_OBJC_IMPLICIT_RETAIN_SELF = YES;
				CLANG_WARN_OBJC_LITERAL_CONVERSION = YES;
				CLANG_WARN_OBJC_ROOT_CLASS = YES_ERROR;
				CLANG_WARN_QUOTED_INCLUDE_IN_FRAMEWORK_HEADER = YES;
				CLANG_WARN_RANGE_LOOP_ANALYSIS = YES;
				CLANG_WARN_STRICT_PROTOTYPES = YES;
				CLANG_WARN_SUSPICIOUS_MOVE = YES;
				CLANG_WARN_UNGUARDED_AVAILABILITY = YES_AGGRESSIVE;
				CLANG_WARN_UNREACHABLE_CODE = YES;
				CLANG_WARN__DUPLICATE_METHOD_MATCH = YES;
				COPY_PHASE_STRIP = NO;
				DEBUG_INFORMATION_FORMAT = dwarf;
				ENABLE_STRICT_OBJC_MSGSEND = YES;
				ENABLE_TESTABILITY = YES;
				GCC_C_LANGUAGE_STANDARD = gnu11;
				GCC_DYNAMIC_NO_PIC = NO;
				GCC_NO_COMMON_BLOCKS = YES;
				GCC_OPTIMIZATION_LEVEL = 0;
				GCC_PREPROCESSOR_DEFINITIONS = (
					"DEBUG=1",
					"$(inherited)",
				);
				GCC_WARN_64_TO_32_BIT_CONVERSION = YES;
				GCC_WARN_ABOUT_RETURN_TYPE = YES_ERROR;
				GCC_WARN_UNDECLARED_SELECTOR = YES;
				GCC_WARN_UNINITIALIZED_AUTOS = YES_AGGRESSIVE;
				GCC_WARN_UNUSED_FUNCTION = YES;
				GCC_WARN_UNUSED_VARIABLE = YES;
				IPHONEOS_DEPLOYMENT_TARGET = 16.4;
				MTL_ENABLE_DEBUG_INFO = INCLUDE_SOURCE;
				MTL_FAST_MATH = YES;
				ONLY_ACTIVE_ARCH = YES;
				SDKROOT = iphoneos;
				SWIFT_ACTIVE_COMPILATION_CONDITIONS = DEBUG;
				SWIFT_OPTIMIZATION_LEVEL = "-Onone";
			};
			name = Debug;
		};
		B363E5752A30CE00001FC796 /* Release */ = {
			isa = XCBuildConfiguration;
			buildSettings = {
				ALWAYS_SEARCH_USER_PATHS = NO;
				CLANG_ANALYZER_NONNULL = YES;
				CLANG_ANALYZER_NUMBER_OBJECT_CONVERSION = YES_AGGRESSIVE;
				CLANG_CXX_LANGUAGE_STANDARD = "gnu++20";
				CLANG_ENABLE_MODULES = YES;
				CLANG_ENABLE_OBJC_ARC = YES;
				CLANG_ENABLE_OBJC_WEAK = YES;
				CLANG_WARN_BLOCK_CAPTURE_AUTORELEASING = YES;
				CLANG_WARN_BOOL_CONVERSION = YES;
				CLANG_WARN_COMMA = YES;
				CLANG_WARN_CONSTANT_CONVERSION = YES;
				CLANG_WARN_DEPRECATED_OBJC_IMPLEMENTATIONS = YES;
				CLANG_WARN_DIRECT_OBJC_ISA_USAGE = YES_ERROR;
				CLANG_WARN_DOCUMENTATION_COMMENTS = YES;
				CLANG_WARN_EMPTY_BODY = YES;
				CLANG_WARN_ENUM_CONVERSION = YES;
				CLANG_WARN_INFINITE_RECURSION = YES;
				CLANG_WARN_INT_CONVERSION = YES;
				CLANG_WARN_NON_LITERAL_NULL_CONVERSION = YES;
				CLANG_WARN_OBJC_IMPLICIT_RETAIN_SELF = YES;
				CLANG_WARN_OBJC_LITERAL_CONVERSION = YES;
				CLANG_WARN_OBJC_ROOT_CLASS = YES_ERROR;
				CLANG_WARN_QUOTED_INCLUDE_IN_FRAMEWORK_HEADER = YES;
				CLANG_WARN_RANGE_LOOP_ANALYSIS = YES;
				CLANG_WARN_STRICT_PROTOTYPES = YES;
				CLANG_WARN_SUSPICIOUS_MOVE = YES;
				CLANG_WARN_UNGUARDED_AVAILABILITY = YES_AGGRESSIVE;
				CLANG_WARN_UNREACHABLE_CODE = YES;
				CLANG_WARN__DUPLICATE_METHOD_MATCH = YES;
				COPY_PHASE_STRIP = NO;
				DEBUG_INFORMATION_FORMAT = "dwarf-with-dsym";
				ENABLE_NS_ASSERTIONS = NO;
				ENABLE_STRICT_OBJC_MSGSEND = YES;
				GCC_C_LANGUAGE_STANDARD = gnu11;
				GCC_NO_COMMON_BLOCKS = YES;
				GCC_WARN_64_TO_32_BIT_CONVERSION = YES;
				GCC_WARN_ABOUT_RETURN_TYPE = YES_ERROR;
				GCC_WARN_UNDECLARED_SELECTOR = YES;
				GCC_WARN_UNINITIALIZED_AUTOS = YES_AGGRESSIVE;
				GCC_WARN_UNUSED_FUNCTION = YES;
				GCC_WARN_UNUSED_VARIABLE = YES;
				IPHONEOS_DEPLOYMENT_TARGET = 16.4;
				MTL_ENABLE_DEBUG_INFO = NO;
				MTL_FAST_MATH = YES;
				SDKROOT = iphoneos;
				SWIFT_COMPILATION_MODE = wholemodule;
				SWIFT_OPTIMIZATION_LEVEL = "-O";
				VALIDATE_PRODUCT = YES;
			};
			name = Release;
		};
		B363E5772A30CE00001FC796 /* Debug */ = {
			isa = XCBuildConfiguration;
			buildSettings = {
				ASSETCATALOG_COMPILER_APPICON_NAME = AppIcon;
				ASSETCATALOG_COMPILER_GLOBAL_ACCENT_COLOR_NAME = AccentColor;
				CODE_SIGN_STYLE = Automatic;
				CURRENT_PROJECT_VERSION = 1;
				DEVELOPMENT_ASSET_PATHS = "\"ChatMessenger/Preview Content\"";
				ENABLE_PREVIEWS = YES;
				GENERATE_INFOPLIST_FILE = YES;
				INFOPLIST_KEY_UIApplicationSceneManifest_Generation = YES;
				INFOPLIST_KEY_UIApplicationSupportsIndirectInputEvents = YES;
				INFOPLIST_KEY_UILaunchScreen_Generation = YES;
				INFOPLIST_KEY_UISupportedInterfaceOrientations_iPad = "UIInterfaceOrientationPortrait UIInterfaceOrientationPortraitUpsideDown UIInterfaceOrientationLandscapeLeft UIInterfaceOrientationLandscapeRight";
				INFOPLIST_KEY_UISupportedInterfaceOrientations_iPhone = "UIInterfaceOrientationPortrait UIInterfaceOrientationLandscapeLeft UIInterfaceOrientationLandscapeRight";
				LD_RUNPATH_SEARCH_PATHS = (
					"$(inherited)",
					"@executable_path/Frameworks",
				);
				MARKETING_VERSION = 1.0;
				PRODUCT_BUNDLE_IDENTIFIER = "Aruzhan-Zhakhan.ChatMessenger";
				PRODUCT_NAME = "$(TARGET_NAME)";
				SWIFT_EMIT_LOC_STRINGS = YES;
				SWIFT_VERSION = 5.0;
				TARGETED_DEVICE_FAMILY = "1,2";
			};
			name = Debug;
		};
		B363E5782A30CE00001FC796 /* Release */ = {
			isa = XCBuildConfiguration;
			buildSettings = {
				ASSETCATALOG_COMPILER_APPICON_NAME = AppIcon;
				ASSETCATALOG_COMPILER_GLOBAL_ACCENT_COLOR_NAME = AccentColor;
				CODE_SIGN_STYLE = Automatic;
				CURRENT_PROJECT_VERSION = 1;
				DEVELOPMENT_ASSET_PATHS = "\"ChatMessenger/Preview Content\"";
				ENABLE_PREVIEWS = YES;
				GENERATE_INFOPLIST_FILE = YES;
				INFOPLIST_KEY_UIApplicationSceneManifest_Generation = YES;
				INFOPLIST_KEY_UIApplicationSupportsIndirectInputEvents = YES;
				INFOPLIST_KEY_UILaunchScreen_Generation = YES;
				INFOPLIST_KEY_UISupportedInterfaceOrientations_iPad = "UIInterfaceOrientationPortrait UIInterfaceOrientationPortraitUpsideDown UIInterfaceOrientationLandscapeLeft UIInterfaceOrientationLandscapeRight";
				INFOPLIST_KEY_UISupportedInterfaceOrientations_iPhone = "UIInterfaceOrientationPortrait UIInterfaceOrientationLandscapeLeft UIInterfaceOrientationLandscapeRight";
				LD_RUNPATH_SEARCH_PATHS = (
					"$(inherited)",
					"@executable_path/Frameworks",
				);
				MARKETING_VERSION = 1.0;
				PRODUCT_BUNDLE_IDENTIFIER = "Aruzhan-Zhakhan.ChatMessenger";
				PRODUCT_NAME = "$(TARGET_NAME)";
				SWIFT_EMIT_LOC_STRINGS = YES;
				SWIFT_VERSION = 5.0;
				TARGETED_DEVICE_FAMILY = "1,2";
			};
			name = Release;
		};
/* End XCBuildConfiguration section */

/* Begin XCConfigurationList section */
		B363E5632A30CDFC001FC796 /* Build configuration list for PBXProject "ChatMessenger" */ = {
			isa = XCConfigurationList;
			buildConfigurations = (
				B363E5742A30CE00001FC796 /* Debug */,
				B363E5752A30CE00001FC796 /* Release */,
			);
			defaultConfigurationIsVisible = 0;
			defaultConfigurationName = Release;
		};
		B363E5762A30CE00001FC796 /* Build configuration list for PBXNativeTarget "ChatMessenger" */ = {
			isa = XCConfigurationList;
			buildConfigurations = (
				B363E5772A30CE00001FC796 /* Debug */,
				B363E5782A30CE00001FC796 /* Release */,
			);
			defaultConfigurationIsVisible = 0;
			defaultConfigurationName = Release;
		};
/* End XCConfigurationList section */

/* Begin XCRemoteSwiftPackageReference section */
		B35FDDC62A3230B9005AED50 /* XCRemoteSwiftPackageReference "firebase-ios-sdk" */ = {
			isa = XCRemoteSwiftPackageReference;
			repositoryURL = "https://github.com/firebase/firebase-ios-sdk.git";
			requirement = {
				kind = upToNextMajorVersion;
				minimumVersion = 10.0.0;
			};
		};
/* End XCRemoteSwiftPackageReference section */

/* Begin XCSwiftPackageProductDependency section */
		B35FDDC72A3230B9005AED50 /* FirebaseAuth */ = {
			isa = XCSwiftPackageProductDependency;
			package = B35FDDC62A3230B9005AED50 /* XCRemoteSwiftPackageReference "firebase-ios-sdk" */;
			productName = FirebaseAuth;
		};
		B35FDDC92A3230B9005AED50 /* FirebaseStorage */ = {
			isa = XCSwiftPackageProductDependency;
			package = B35FDDC62A3230B9005AED50 /* XCRemoteSwiftPackageReference "firebase-ios-sdk" */;
			productName = FirebaseStorage;
		};
/* End XCSwiftPackageProductDependency section */
	};
	rootObject = B363E5602A30CDFC001FC796 /* Project object */;
}
